
Microsoft Visual Studio Solution File, Format Version 12.00
# Visual Studio Version 16
VisualStudioVersion = 16.0.29318.209
MinimumVisualStudioVersion = 10.0.40219.1
Project("{9A19103F-16F7-4668-BE54-9A1E7A4F7556}") = "Neyro.AppMetrics.Extensions.EventCountersCollector", "Neyro.AppMetrics.Extensions.EventCountersCollector\Neyro.AppMetrics.Extensions.EventCountersCollector.csproj", "{8F9178EC-B41C-438D-A277-0E651A7B2E80}"
EndProject
Project("{FAE04EC0-301F-11D3-BF4B-00C04F79EFBC}") = "ExampleApp", "sandbox\ExampleApp\ExampleApp.csproj", "{3BEA4C04-E3E2-4C89-9C4C-14584EF58D48}"
EndProject
Project("{FAE04EC0-301F-11D3-BF4B-00C04F79EFBC}") = "UnitTests", "UnitTests\UnitTests.csproj", "{D6A64B61-1F06-4369-8374-828997337E2A}"
EndProject
Global
	GlobalSection(SolutionConfigurationPlatforms) = preSolution
		Debug|Any CPU = Debug|Any CPU
		Release|Any CPU = Release|Any CPU
	EndGlobalSection
	GlobalSection(ProjectConfigurationPlatforms) = postSolution
		{8F9178EC-B41C-438D-A277-0E651A7B2E80}.Debug|Any CPU.ActiveCfg = Debug|Any CPU
		{8F9178EC-B41C-438D-A277-0E651A7B2E80}.Debug|Any CPU.Build.0 = Debug|Any CPU
		{8F9178EC-B41C-438D-A277-0E651A7B2E80}.Release|Any CPU.ActiveCfg = Release|Any CPU
		{8F9178EC-B41C-438D-A277-0E651A7B2E80}.Release|Any CPU.Build.0 = Release|Any CPU
		{3BEA4C04-E3E2-4C89-9C4C-14584EF58D48}.Debug|Any CPU.ActiveCfg = Debug|Any CPU
		{3BEA4C04-E3E2-4C89-9C4C-14584EF58D48}.Debug|Any CPU.Build.0 = Debug|Any CPU
		{3BEA4C04-E3E2-4C89-9C4C-14584EF58D48}.Release|Any CPU.ActiveCfg = Release|Any CPU
		{3BEA4C04-E3E2-4C89-9C4C-14584EF58D48}.Release|Any CPU.Build.0 = Release|Any CPU
		{D6A64B61-1F06-4369-8374-828997337E2A}.Debug|Any CPU.ActiveCfg = Debug|Any CPU
		{D6A64B61-1F06-4369-8374-828997337E2A}.Debug|Any CPU.Build.0 = Debug|Any CPU
		{D6A64B61-1F06-4369-8374-828997337E2A}.Release|Any CPU.ActiveCfg = Release|Any CPU
		{D6A64B61-1F06-4369-8374-828997337E2A}.Release|Any CPU.Build.0 = Release|Any CPU
	EndGlobalSection
	GlobalSection(SolutionProperties) = preSolution
		HideSolutionNode = FALSE
	EndGlobalSection
	GlobalSection(ExtensibilityGlobals) = postSolution
		SolutionGuid = {AFE4AC54-5D86-4F96-84F1-11EA12C677BA}
	EndGlobalSection
EndGlobal
